
Microsoft Visual Studio Solution File, Format Version 12.00
# Visual Studio 15
VisualStudioVersion = 15.0.27130.2026
MinimumVisualStudioVersion = 10.0.40219.1
Project("{FAE04EC0-301F-11D3-BF4B-00C04F79EFBC}") = "FoxSDC_Server", "FoxSDC_Server\FoxSDC_Server.csproj", "{DE5687C8-9D45-45DB-8D67-3A2ED56D90FF}"
	ProjectSection(ProjectDependencies) = postProject
		{AC03F4F2-322B-46A8-8144-2CAA137FFAD0} = {AC03F4F2-322B-46A8-8144-2CAA137FFAD0}
	EndProjectSection
EndProject
Project("{FAE04EC0-301F-11D3-BF4B-00C04F79EFBC}") = "FoxSDC_Common", "FoxSDC_Common\FoxSDC_Common.csproj", "{FD37ACA6-18E7-43BE-8E3B-F17C39AED146}"
	ProjectSection(ProjectDependencies) = postProject
		{AC03F4F2-322B-46A8-8144-2CAA137FFAD0} = {AC03F4F2-322B-46A8-8144-2CAA137FFAD0}
	EndProjectSection
EndProject
Project("{FAE04EC0-301F-11D3-BF4B-00C04F79EFBC}") = "FoxSDC_MGMT", "FoxSDC_MGMT\FoxSDC_MGMT.csproj", "{69F9A6BF-591D-45E4-B5AF-343C2729EF08}"
	ProjectSection(ProjectDependencies) = postProject
		{BA3E4B16-1C40-4CDA-ABA1-42041D6436FD} = {BA3E4B16-1C40-4CDA-ABA1-42041D6436FD}
		{546F8F23-E261-41BF-A995-951A0355F551} = {546F8F23-E261-41BF-A995-951A0355F551}
		{07A67C7F-D37F-46A4-BAC6-6B32A7746170} = {07A67C7F-D37F-46A4-BAC6-6B32A7746170}
		{C2A24CD7-FDA3-4B0D-830A-E175CBD77E4C} = {C2A24CD7-FDA3-4B0D-830A-E175CBD77E4C}
		{572CFBDB-FF61-4EBA-ACCF-E30F120AE687} = {572CFBDB-FF61-4EBA-ACCF-E30F120AE687}
		{AC03F4F2-322B-46A8-8144-2CAA137FFAD0} = {AC03F4F2-322B-46A8-8144-2CAA137FFAD0}
	EndProjectSection
EndProject
Project("{FAE04EC0-301F-11D3-BF4B-00C04F79EFBC}") = "FoxSDC_Agent", "FoxSDC_Agent\FoxSDC_Agent.csproj", "{63A0B29B-E314-4EF1-9A54-DBAC12CE87FF}"
	ProjectSection(ProjectDependencies) = postProject
		{666F8D3C-271E-4542-850C-F9AA729A03E3} = {666F8D3C-271E-4542-850C-F9AA729A03E3}
		{66D78693-D22C-4AE5-B4DC-41AD3E3CDF6A} = {66D78693-D22C-4AE5-B4DC-41AD3E3CDF6A}
		{59D1D9AE-3994-4224-A53E-22B292C3064B} = {59D1D9AE-3994-4224-A53E-22B292C3064B}
		{AC03F4F2-322B-46A8-8144-2CAA137FFAD0} = {AC03F4F2-322B-46A8-8144-2CAA137FFAD0}
	EndProjectSection
EndProject
Project("{FAE04EC0-301F-11D3-BF4B-00C04F79EFBC}") = "Testings", "Testings\Testings.csproj", "{3B55F983-3AFE-4B8B-B21D-55F9970C5BC6}"
EndProject
Project("{FAE04EC0-301F-11D3-BF4B-00C04F79EFBC}") = "FoxSDC_SigningTool", "FoxSDC_SigningTool\FoxSDC_SigningTool.csproj", "{78435FA9-9845-474C-98F2-CB6C4C42D43F}"
EndProject
Project("{FAE04EC0-301F-11D3-BF4B-00C04F79EFBC}") = "FoxSDC_Agent_UI", "FoxSDC_Agent_UI\FoxSDC_Agent_UI.csproj", "{1DE7BAE9-A148-46F1-B565-AC60905146EF}"
EndProject
Project("{FAE04EC0-301F-11D3-BF4B-00C04F79EFBC}") = "FoxSDC_PackageCreator", "FoxSDC_PackageCreator\FoxSDC_PackageCreator.csproj", "{C2A24CD7-FDA3-4B0D-830A-E175CBD77E4C}"
EndProject
Project("{8BC9CEB8-8B4A-11D0-8D11-00A0C91BC942}") = "FoxSDC_AgentDLL", "FoxSDC_AgentDLL\FoxSDC_AgentDLL.vcxproj", "{66D78693-D22C-4AE5-B4DC-41AD3E3CDF6A}"
	ProjectSection(ProjectDependencies) = postProject
		{FD37ACA6-18E7-43BE-8E3B-F17C39AED146} = {FD37ACA6-18E7-43BE-8E3B-F17C39AED146}
	EndProjectSection
EndProject
Project("{8BC9CEB8-8B4A-11D0-8D11-00A0C91BC942}") = "FoxSDC_AgentDLL64", "FoxSDC_AgentDLL\FoxSDC_AgentDLL64.vcxproj", "{666F8D3C-271E-4542-850C-F9AA729A03E3}"
	ProjectSection(ProjectDependencies) = postProject
		{FD37ACA6-18E7-43BE-8E3B-F17C39AED146} = {FD37ACA6-18E7-43BE-8E3B-F17C39AED146}
	EndProjectSection
EndProject
Project("{FAE04EC0-301F-11D3-BF4B-00C04F79EFBC}") = "FoxSDC_InstallPackage", "FoxSDC_InstallPackage\FoxSDC_InstallPackage.csproj", "{DA9B90A0-0834-44CC-978A-29F047E1F24B}"
EndProject
Project("{FAE04EC0-301F-11D3-BF4B-00C04F79EFBC}") = "FoxSDC_ApplyUserSettings", "FoxSDCApplyUserSettings\FoxSDC_ApplyUserSettings.csproj", "{85676CAE-8A9B-425C-AB68-7758129983F4}"
EndProject
Project("{FAE04EC0-301F-11D3-BF4B-00C04F79EFBC}") = "FoxSDC_AutoVersion", "FoxSDC_AutoVersion\FoxSDC_AutoVersion.csproj", "{AC03F4F2-322B-46A8-8144-2CAA137FFAD0}"
EndProject
Project("{FAE04EC0-301F-11D3-BF4B-00C04F79EFBC}") = "FoxSDC_Selfupdate", "FoxSDC_Selfupdate\FoxSDC_Selfupdate.csproj", "{59D1D9AE-3994-4224-A53E-22B292C3064B}"
EndProject
Project("{FAE04EC0-301F-11D3-BF4B-00C04F79EFBC}") = "FoxSDC_UninstallData", "FoxSDC_UninstallData\FoxSDC_UninstallData.csproj", "{E6CFB59E-6A2F-4BA7-BF2E-B7237E2D61DD}"
EndProject
Project("{2150E333-8FDC-42A3-9474-1A3956D46DE8}") = "Solution Items", "Solution Items", "{57A7E4B0-129F-4F49-98F1-23595E148D3C}"
	ProjectSection(SolutionItems) = preProject
		INSTALL\all.cmd = INSTALL\all.cmd
		INSTALL\collect.cmd = INSTALL\collect.cmd
		Registry Tricks.txt = Registry Tricks.txt
		INSTALL\SDCA.foxps = INSTALL\SDCA.foxps
		signall.cmd = signall.cmd
		Usefull EventLog Entries.txt = Usefull EventLog Entries.txt
	EndProjectSection
EndProject
Project("{FAE04EC0-301F-11D3-BF4B-00C04F79EFBC}") = "MyUCID", "MyUCID\MyUCID.csproj", "{C5C2D07C-C1AE-4962-95E8-617CB953C804}"
EndProject
Project("{2150E333-8FDC-42A3-9474-1A3956D46DE8}") = "Installer", "Installer", "{C7F875D6-CA0A-44A8-9A03-51A795BDD2D7}"
EndProject
Project("{930C7802-8A8C-48F9-8165-68863BCCD9DD}") = "FoxSDC_Agent_Setup32", "INSTALL\FoxSDC_Agent_Setup32\FoxSDC_Agent_Setup32.wixproj", "{C9C5A51C-4D9A-4215-8187-747A0FE9027D}"
EndProject
Project("{930C7802-8A8C-48F9-8165-68863BCCD9DD}") = "FoxSDC_Agent_Setup64", "INSTALL\FoxSDC_Agent_Setup64\FoxSDC_Agent_Setup64.wixproj", "{E7DCD28D-DA96-4228-931F-DC13BD328EA7}"
EndProject
Project("{FAE04EC0-301F-11D3-BF4B-00C04F79EFBC}") = "FoxSDC_Configure", "FoxSDC_Configure\FoxSDC_Configure.csproj", "{D86E625C-1EE8-45EE-ABCB-62C9A34842FE}"
EndProject
Project("{FAE04EC0-301F-11D3-BF4B-00C04F79EFBC}") = "FoxSDC_PackageCreatorC", "FoxSDC_PackageCreatorC\FoxSDC_PackageCreatorC.csproj", "{572CFBDB-FF61-4EBA-ACCF-E30F120AE687}"
EndProject
Project("{FAE04EC0-301F-11D3-BF4B-00C04F79EFBC}") = "FoxSDC_RedirConsole", "FoxSDC_RedirConsole\FoxSDC_RedirConsole.csproj", "{07A67C7F-D37F-46A4-BAC6-6B32A7746170}"
	ProjectSection(ProjectDependencies) = postProject
		{AC03F4F2-322B-46A8-8144-2CAA137FFAD0} = {AC03F4F2-322B-46A8-8144-2CAA137FFAD0}
	EndProjectSection
EndProject
Project("{FAE04EC0-301F-11D3-BF4B-00C04F79EFBC}") = "FoxSDC_RemoteConnect", "FoxSDC_RemoteConnect\FoxSDC_RemoteConnect.csproj", "{BA3E4B16-1C40-4CDA-ABA1-42041D6436FD}"
	ProjectSection(ProjectDependencies) = postProject
		{AC03F4F2-322B-46A8-8144-2CAA137FFAD0} = {AC03F4F2-322B-46A8-8144-2CAA137FFAD0}
	EndProjectSection
EndProject
Project("{FAE04EC0-301F-11D3-BF4B-00C04F79EFBC}") = "FoxSDC_ManageScreen", "FoxSDC_ManageScreen\FoxSDC_ManageScreen.csproj", "{546F8F23-E261-41BF-A995-951A0355F551}"
EndProject
Global
	GlobalSection(SolutionConfigurationPlatforms) = preSolution
		Debug|Any CPU = Debug|Any CPU
		Debug-SERVICE|Any CPU = Debug-SERVICE|Any CPU
		Release|Any CPU = Release|Any CPU
	EndGlobalSection
	GlobalSection(ProjectConfigurationPlatforms) = postSolution
		{DE5687C8-9D45-45DB-8D67-3A2ED56D90FF}.Debug|Any CPU.ActiveCfg = Debug|Any CPU
		{DE5687C8-9D45-45DB-8D67-3A2ED56D90FF}.Debug|Any CPU.Build.0 = Debug|Any CPU
		{DE5687C8-9D45-45DB-8D67-3A2ED56D90FF}.Debug-SERVICE|Any CPU.ActiveCfg = Debug|Any CPU
		{DE5687C8-9D45-45DB-8D67-3A2ED56D90FF}.Debug-SERVICE|Any CPU.Build.0 = Debug|Any CPU
		{DE5687C8-9D45-45DB-8D67-3A2ED56D90FF}.Release|Any CPU.ActiveCfg = Release|Any CPU
		{DE5687C8-9D45-45DB-8D67-3A2ED56D90FF}.Release|Any CPU.Build.0 = Release|Any CPU
		{FD37ACA6-18E7-43BE-8E3B-F17C39AED146}.Debug|Any CPU.ActiveCfg = Debug|Any CPU
		{FD37ACA6-18E7-43BE-8E3B-F17C39AED146}.Debug|Any CPU.Build.0 = Debug|Any CPU
		{FD37ACA6-18E7-43BE-8E3B-F17C39AED146}.Debug-SERVICE|Any CPU.ActiveCfg = Debug|Any CPU
		{FD37ACA6-18E7-43BE-8E3B-F17C39AED146}.Debug-SERVICE|Any CPU.Build.0 = Debug|Any CPU
		{FD37ACA6-18E7-43BE-8E3B-F17C39AED146}.Release|Any CPU.ActiveCfg = Release|Any CPU
		{FD37ACA6-18E7-43BE-8E3B-F17C39AED146}.Release|Any CPU.Build.0 = Release|Any CPU
		{69F9A6BF-591D-45E4-B5AF-343C2729EF08}.Debug|Any CPU.ActiveCfg = Debug|Any CPU
		{69F9A6BF-591D-45E4-B5AF-343C2729EF08}.Debug|Any CPU.Build.0 = Debug|Any CPU
		{69F9A6BF-591D-45E4-B5AF-343C2729EF08}.Debug-SERVICE|Any CPU.ActiveCfg = Debug|Any CPU
		{69F9A6BF-591D-45E4-B5AF-343C2729EF08}.Debug-SERVICE|Any CPU.Build.0 = Debug|Any CPU
		{69F9A6BF-591D-45E4-B5AF-343C2729EF08}.Release|Any CPU.ActiveCfg = Release|Any CPU
		{69F9A6BF-591D-45E4-B5AF-343C2729EF08}.Release|Any CPU.Build.0 = Release|Any CPU
		{63A0B29B-E314-4EF1-9A54-DBAC12CE87FF}.Debug|Any CPU.ActiveCfg = Debug|Any CPU
		{63A0B29B-E314-4EF1-9A54-DBAC12CE87FF}.Debug|Any CPU.Build.0 = Debug|Any CPU
		{63A0B29B-E314-4EF1-9A54-DBAC12CE87FF}.Debug-SERVICE|Any CPU.ActiveCfg = Debug-SERVICE|Any CPU
		{63A0B29B-E314-4EF1-9A54-DBAC12CE87FF}.Debug-SERVICE|Any CPU.Build.0 = Debug-SERVICE|Any CPU
		{63A0B29B-E314-4EF1-9A54-DBAC12CE87FF}.Release|Any CPU.ActiveCfg = Release|Any CPU
		{63A0B29B-E314-4EF1-9A54-DBAC12CE87FF}.Release|Any CPU.Build.0 = Release|Any CPU
		{3B55F983-3AFE-4B8B-B21D-55F9970C5BC6}.Debug|Any CPU.ActiveCfg = Debug|Any CPU
		{3B55F983-3AFE-4B8B-B21D-55F9970C5BC6}.Debug|Any CPU.Build.0 = Debug|Any CPU
		{3B55F983-3AFE-4B8B-B21D-55F9970C5BC6}.Debug-SERVICE|Any CPU.ActiveCfg = Debug|Any CPU
		{3B55F983-3AFE-4B8B-B21D-55F9970C5BC6}.Debug-SERVICE|Any CPU.Build.0 = Debug|Any CPU
		{3B55F983-3AFE-4B8B-B21D-55F9970C5BC6}.Release|Any CPU.ActiveCfg = Release|Any CPU
		{3B55F983-3AFE-4B8B-B21D-55F9970C5BC6}.Release|Any CPU.Build.0 = Release|Any CPU
		{78435FA9-9845-474C-98F2-CB6C4C42D43F}.Debug|Any CPU.ActiveCfg = Debug|Any CPU
		{78435FA9-9845-474C-98F2-CB6C4C42D43F}.Debug|Any CPU.Build.0 = Debug|Any CPU
		{78435FA9-9845-474C-98F2-CB6C4C42D43F}.Debug-SERVICE|Any CPU.ActiveCfg = Debug|Any CPU
		{78435FA9-9845-474C-98F2-CB6C4C42D43F}.Debug-SERVICE|Any CPU.Build.0 = Debug|Any CPU
		{78435FA9-9845-474C-98F2-CB6C4C42D43F}.Release|Any CPU.ActiveCfg = Release|Any CPU
		{78435FA9-9845-474C-98F2-CB6C4C42D43F}.Release|Any CPU.Build.0 = Release|Any CPU
		{1DE7BAE9-A148-46F1-B565-AC60905146EF}.Debug|Any CPU.ActiveCfg = Debug|Any CPU
		{1DE7BAE9-A148-46F1-B565-AC60905146EF}.Debug|Any CPU.Build.0 = Debug|Any CPU
		{1DE7BAE9-A148-46F1-B565-AC60905146EF}.Debug-SERVICE|Any CPU.ActiveCfg = Debug|Any CPU
		{1DE7BAE9-A148-46F1-B565-AC60905146EF}.Debug-SERVICE|Any CPU.Build.0 = Debug|Any CPU
		{1DE7BAE9-A148-46F1-B565-AC60905146EF}.Release|Any CPU.ActiveCfg = Release|Any CPU
		{1DE7BAE9-A148-46F1-B565-AC60905146EF}.Release|Any CPU.Build.0 = Release|Any CPU
		{C2A24CD7-FDA3-4B0D-830A-E175CBD77E4C}.Debug|Any CPU.ActiveCfg = Debug|Any CPU
		{C2A24CD7-FDA3-4B0D-830A-E175CBD77E4C}.Debug|Any CPU.Build.0 = Debug|Any CPU
		{C2A24CD7-FDA3-4B0D-830A-E175CBD77E4C}.Debug-SERVICE|Any CPU.ActiveCfg = Debug|Any CPU
		{C2A24CD7-FDA3-4B0D-830A-E175CBD77E4C}.Debug-SERVICE|Any CPU.Build.0 = Debug|Any CPU
		{C2A24CD7-FDA3-4B0D-830A-E175CBD77E4C}.Release|Any CPU.ActiveCfg = Release|Any CPU
		{C2A24CD7-FDA3-4B0D-830A-E175CBD77E4C}.Release|Any CPU.Build.0 = Release|Any CPU
		{66D78693-D22C-4AE5-B4DC-41AD3E3CDF6A}.Debug|Any CPU.ActiveCfg = Debug|Win32
		{66D78693-D22C-4AE5-B4DC-41AD3E3CDF6A}.Debug|Any CPU.Build.0 = Debug|Win32
		{66D78693-D22C-4AE5-B4DC-41AD3E3CDF6A}.Debug-SERVICE|Any CPU.ActiveCfg = Debug|Win32
		{66D78693-D22C-4AE5-B4DC-41AD3E3CDF6A}.Debug-SERVICE|Any CPU.Build.0 = Debug|Win32
		{66D78693-D22C-4AE5-B4DC-41AD3E3CDF6A}.Release|Any CPU.ActiveCfg = Release|Win32
		{66D78693-D22C-4AE5-B4DC-41AD3E3CDF6A}.Release|Any CPU.Build.0 = Release|Win32
		{666F8D3C-271E-4542-850C-F9AA729A03E3}.Debug|Any CPU.ActiveCfg = Debug|x64
		{666F8D3C-271E-4542-850C-F9AA729A03E3}.Debug|Any CPU.Build.0 = Debug|x64
		{666F8D3C-271E-4542-850C-F9AA729A03E3}.Debug-SERVICE|Any CPU.ActiveCfg = Debug|x64
		{666F8D3C-271E-4542-850C-F9AA729A03E3}.Debug-SERVICE|Any CPU.Build.0 = Debug|x64
		{666F8D3C-271E-4542-850C-F9AA729A03E3}.Release|Any CPU.ActiveCfg = Release|x64
		{666F8D3C-271E-4542-850C-F9AA729A03E3}.Release|Any CPU.Build.0 = Release|x64
		{DA9B90A0-0834-44CC-978A-29F047E1F24B}.Debug|Any CPU.ActiveCfg = Debug|Any CPU
		{DA9B90A0-0834-44CC-978A-29F047E1F24B}.Debug|Any CPU.Build.0 = Debug|Any CPU
		{DA9B90A0-0834-44CC-978A-29F047E1F24B}.Debug-SERVICE|Any CPU.ActiveCfg = Debug|Any CPU
		{DA9B90A0-0834-44CC-978A-29F047E1F24B}.Debug-SERVICE|Any CPU.Build.0 = Debug|Any CPU
		{DA9B90A0-0834-44CC-978A-29F047E1F24B}.Release|Any CPU.ActiveCfg = Release|Any CPU
		{DA9B90A0-0834-44CC-978A-29F047E1F24B}.Release|Any CPU.Build.0 = Release|Any CPU
		{85676CAE-8A9B-425C-AB68-7758129983F4}.Debug|Any CPU.ActiveCfg = Debug|Any CPU
		{85676CAE-8A9B-425C-AB68-7758129983F4}.Debug|Any CPU.Build.0 = Debug|Any CPU
		{85676CAE-8A9B-425C-AB68-7758129983F4}.Debug-SERVICE|Any CPU.ActiveCfg = Debug|Any CPU
		{85676CAE-8A9B-425C-AB68-7758129983F4}.Debug-SERVICE|Any CPU.Build.0 = Debug|Any CPU
		{85676CAE-8A9B-425C-AB68-7758129983F4}.Release|Any CPU.ActiveCfg = Release|Any CPU
		{85676CAE-8A9B-425C-AB68-7758129983F4}.Release|Any CPU.Build.0 = Release|Any CPU
		{AC03F4F2-322B-46A8-8144-2CAA137FFAD0}.Debug|Any CPU.ActiveCfg = Debug|Any CPU
		{AC03F4F2-322B-46A8-8144-2CAA137FFAD0}.Debug|Any CPU.Build.0 = Debug|Any CPU
		{AC03F4F2-322B-46A8-8144-2CAA137FFAD0}.Debug-SERVICE|Any CPU.ActiveCfg = Debug|Any CPU
		{AC03F4F2-322B-46A8-8144-2CAA137FFAD0}.Debug-SERVICE|Any CPU.Build.0 = Debug|Any CPU
		{AC03F4F2-322B-46A8-8144-2CAA137FFAD0}.Release|Any CPU.ActiveCfg = Release|Any CPU
		{AC03F4F2-322B-46A8-8144-2CAA137FFAD0}.Release|Any CPU.Build.0 = Release|Any CPU
		{59D1D9AE-3994-4224-A53E-22B292C3064B}.Debug|Any CPU.ActiveCfg = Debug|Any CPU
		{59D1D9AE-3994-4224-A53E-22B292C3064B}.Debug|Any CPU.Build.0 = Debug|Any CPU
		{59D1D9AE-3994-4224-A53E-22B292C3064B}.Debug-SERVICE|Any CPU.ActiveCfg = Debug|Any CPU
		{59D1D9AE-3994-4224-A53E-22B292C3064B}.Debug-SERVICE|Any CPU.Build.0 = Debug|Any CPU
		{59D1D9AE-3994-4224-A53E-22B292C3064B}.Release|Any CPU.ActiveCfg = Release|Any CPU
		{59D1D9AE-3994-4224-A53E-22B292C3064B}.Release|Any CPU.Build.0 = Release|Any CPU
		{E6CFB59E-6A2F-4BA7-BF2E-B7237E2D61DD}.Debug|Any CPU.ActiveCfg = Debug|Any CPU
		{E6CFB59E-6A2F-4BA7-BF2E-B7237E2D61DD}.Debug|Any CPU.Build.0 = Debug|Any CPU
		{E6CFB59E-6A2F-4BA7-BF2E-B7237E2D61DD}.Debug-SERVICE|Any CPU.ActiveCfg = Debug|Any CPU
		{E6CFB59E-6A2F-4BA7-BF2E-B7237E2D61DD}.Debug-SERVICE|Any CPU.Build.0 = Debug|Any CPU
		{E6CFB59E-6A2F-4BA7-BF2E-B7237E2D61DD}.Release|Any CPU.ActiveCfg = Release|Any CPU
		{E6CFB59E-6A2F-4BA7-BF2E-B7237E2D61DD}.Release|Any CPU.Build.0 = Release|Any CPU
		{C5C2D07C-C1AE-4962-95E8-617CB953C804}.Debug|Any CPU.ActiveCfg = Debug|Any CPU
		{C5C2D07C-C1AE-4962-95E8-617CB953C804}.Debug|Any CPU.Build.0 = Debug|Any CPU
		{C5C2D07C-C1AE-4962-95E8-617CB953C804}.Debug-SERVICE|Any CPU.ActiveCfg = Debug|Any CPU
		{C5C2D07C-C1AE-4962-95E8-617CB953C804}.Debug-SERVICE|Any CPU.Build.0 = Debug|Any CPU
		{C5C2D07C-C1AE-4962-95E8-617CB953C804}.Release|Any CPU.ActiveCfg = Release|Any CPU
		{C5C2D07C-C1AE-4962-95E8-617CB953C804}.Release|Any CPU.Build.0 = Release|Any CPU
		{C9C5A51C-4D9A-4215-8187-747A0FE9027D}.Debug|Any CPU.ActiveCfg = Debug|x86
		{C9C5A51C-4D9A-4215-8187-747A0FE9027D}.Debug-SERVICE|Any CPU.ActiveCfg = Debug|x86
		{C9C5A51C-4D9A-4215-8187-747A0FE9027D}.Release|Any CPU.ActiveCfg = Release|x86
		{E7DCD28D-DA96-4228-931F-DC13BD328EA7}.Debug|Any CPU.ActiveCfg = Debug|x64
		{E7DCD28D-DA96-4228-931F-DC13BD328EA7}.Debug-SERVICE|Any CPU.ActiveCfg = Debug|x64
		{E7DCD28D-DA96-4228-931F-DC13BD328EA7}.Release|Any CPU.ActiveCfg = Release|x64
		{D86E625C-1EE8-45EE-ABCB-62C9A34842FE}.Debug|Any CPU.ActiveCfg = Debug|Any CPU
		{D86E625C-1EE8-45EE-ABCB-62C9A34842FE}.Debug|Any CPU.Build.0 = Debug|Any CPU
		{D86E625C-1EE8-45EE-ABCB-62C9A34842FE}.Debug-SERVICE|Any CPU.ActiveCfg = Debug|Any CPU
		{D86E625C-1EE8-45EE-ABCB-62C9A34842FE}.Debug-SERVICE|Any CPU.Build.0 = Debug|Any CPU
		{D86E625C-1EE8-45EE-ABCB-62C9A34842FE}.Release|Any CPU.ActiveCfg = Release|Any CPU
		{D86E625C-1EE8-45EE-ABCB-62C9A34842FE}.Release|Any CPU.Build.0 = Release|Any CPU
		{572CFBDB-FF61-4EBA-ACCF-E30F120AE687}.Debug|Any CPU.ActiveCfg = Debug|Any CPU
		{572CFBDB-FF61-4EBA-ACCF-E30F120AE687}.Debug|Any CPU.Build.0 = Debug|Any CPU
		{572CFBDB-FF61-4EBA-ACCF-E30F120AE687}.Debug-SERVICE|Any CPU.ActiveCfg = Debug|Any CPU
		{572CFBDB-FF61-4EBA-ACCF-E30F120AE687}.Debug-SERVICE|Any CPU.Build.0 = Debug|Any CPU
		{572CFBDB-FF61-4EBA-ACCF-E30F120AE687}.Release|Any CPU.ActiveCfg = Release|Any CPU
		{572CFBDB-FF61-4EBA-ACCF-E30F120AE687}.Release|Any CPU.Build.0 = Release|Any CPU
		{07A67C7F-D37F-46A4-BAC6-6B32A7746170}.Debug|Any CPU.ActiveCfg = Debug|Any CPU
		{07A67C7F-D37F-46A4-BAC6-6B32A7746170}.Debug|Any CPU.Build.0 = Debug|Any CPU
		{07A67C7F-D37F-46A4-BAC6-6B32A7746170}.Debug-SERVICE|Any CPU.ActiveCfg = Debug|Any CPU
		{07A67C7F-D37F-46A4-BAC6-6B32A7746170}.Debug-SERVICE|Any CPU.Build.0 = Debug|Any CPU
		{07A67C7F-D37F-46A4-BAC6-6B32A7746170}.Release|Any CPU.ActiveCfg = Release|Any CPU
		{07A67C7F-D37F-46A4-BAC6-6B32A7746170}.Release|Any CPU.Build.0 = Release|Any CPU
		{BA3E4B16-1C40-4CDA-ABA1-42041D6436FD}.Debug|Any CPU.ActiveCfg = Debug|Any CPU
		{BA3E4B16-1C40-4CDA-ABA1-42041D6436FD}.Debug|Any CPU.Build.0 = Debug|Any CPU
		{BA3E4B16-1C40-4CDA-ABA1-42041D6436FD}.Debug-SERVICE|Any CPU.ActiveCfg = Debug|Any CPU
		{BA3E4B16-1C40-4CDA-ABA1-42041D6436FD}.Debug-SERVICE|Any CPU.Build.0 = Debug|Any CPU
		{BA3E4B16-1C40-4CDA-ABA1-42041D6436FD}.Release|Any CPU.ActiveCfg = Release|Any CPU
		{BA3E4B16-1C40-4CDA-ABA1-42041D6436FD}.Release|Any CPU.Build.0 = Release|Any CPU
		{546F8F23-E261-41BF-A995-951A0355F551}.Debug|Any CPU.ActiveCfg = Debug|Any CPU
		{546F8F23-E261-41BF-A995-951A0355F551}.Debug|Any CPU.Build.0 = Debug|Any CPU
		{546F8F23-E261-41BF-A995-951A0355F551}.Debug-SERVICE|Any CPU.ActiveCfg = Debug|Any CPU
		{546F8F23-E261-41BF-A995-951A0355F551}.Debug-SERVICE|Any CPU.Build.0 = Debug|Any CPU
		{546F8F23-E261-41BF-A995-951A0355F551}.Release|Any CPU.ActiveCfg = Release|Any CPU
		{546F8F23-E261-41BF-A995-951A0355F551}.Release|Any CPU.Build.0 = Release|Any CPU
	EndGlobalSection
	GlobalSection(SolutionProperties) = preSolution
		HideSolutionNode = FALSE
	EndGlobalSection
	GlobalSection(NestedProjects) = preSolution
		{C9C5A51C-4D9A-4215-8187-747A0FE9027D} = {C7F875D6-CA0A-44A8-9A03-51A795BDD2D7}
		{E7DCD28D-DA96-4228-931F-DC13BD328EA7} = {C7F875D6-CA0A-44A8-9A03-51A795BDD2D7}
	EndGlobalSection
	GlobalSection(ExtensibilityGlobals) = postSolution
		SolutionGuid = {890AA641-B031-4B39-B23D-350AA41E840D}
	EndGlobalSection
EndGlobal
